
Microsoft Visual Studio Solution File, Format Version 12.00
# Visual Studio Version 17
VisualStudioVersion = 17.5.33414.496
MinimumVisualStudioVersion = 10.0.40219.1
Project("{FAE04EC0-301F-11D3-BF4B-00C04F79EFBC}") = "AljabarLibraries", "AljabarLibraries\AljabarLibraries.csproj", "{D3488C05-7D86-43A0-B7FC-8F532594D030}"
EndProject
Project("{FAE04EC0-301F-11D3-BF4B-00C04F79EFBC}") = "13022100811", "13022100811\13022100811.csproj", "{D3327A11-BFAF-4D81-A832-2D4DBD67CD96}"
EndProject
Global
	GlobalSection(SolutionConfigurationPlatforms) = preSolution
		Debug|Any CPU = Debug|Any CPU
		Release|Any CPU = Release|Any CPU
	EndGlobalSection
	GlobalSection(ProjectConfigurationPlatforms) = postSolution
		{D3488C05-7D86-43A0-B7FC-8F532594D030}.Debug|Any CPU.ActiveCfg = Debug|Any CPU
		{D3488C05-7D86-43A0-B7FC-8F532594D030}.Debug|Any CPU.Build.0 = Debug|Any CPU
		{D3488C05-7D86-43A0-B7FC-8F532594D030}.Release|Any CPU.ActiveCfg = Release|Any CPU
		{D3488C05-7D86-43A0-B7FC-8F532594D030}.Release|Any CPU.Build.0 = Release|Any CPU
		{D3327A11-BFAF-4D81-A832-2D4DBD67CD96}.Debug|Any CPU.ActiveCfg = Debug|Any CPU
		{D3327A11-BFAF-4D81-A832-2D4DBD67CD96}.Debug|Any CPU.Build.0 = Debug|Any CPU
		{D3327A11-BFAF-4D81-A832-2D4DBD67CD96}.Release|Any CPU.ActiveCfg = Release|Any CPU
		{D3327A11-BFAF-4D81-A832-2D4DBD67CD96}.Release|Any CPU.Build.0 = Release|Any CPU
	EndGlobalSection
	GlobalSection(SolutionProperties) = preSolution
		HideSolutionNode = FALSE
	EndGlobalSection
	GlobalSection(ExtensibilityGlobals) = postSolution
		SolutionGuid = {3FA49EBD-C0C4-48B6-AC6A-4B57C2E895C8}
	EndGlobalSection
EndGlobal
